Microsoft Visual Studio Solution File, Format Version 11.00
# Visual Studio 2008

Project("{F8C1B9A2-27AE-4C4F-8F97-DF1BEE179232}") = "4.3gpa", "Assembly-CSharp.csproj", "{06B98BE4-0EFB-D55F-E33C-C93846BA16B4}"
EndProject
Project("{F8C1B9A2-27AE-4C4F-8F97-DF1BEE179232}") = "4.3gpa", "Assembly-CSharp-Editor.csproj", "{54B62FF4-BC6C-4C9A-8810-1AAD3296CBA4}"
EndProject
Global
	GlobalSection(SolutionConfigurationPlatforms) = preSolution
		Debug|Any CPU = Debug|Any CPU
		Release|Any CPU = Release|Any CPU
	EndGlobalSection
	GlobalSection(ProjectConfigurationPlatforms) = postSolution
		{06B98BE4-0EFB-D55F-E33C-C93846BA16B4}.Debug|Any CPU.ActiveCfg = Debug|Any CPU
		{06B98BE4-0EFB-D55F-E33C-C93846BA16B4}.Debug|Any CPU.Build.0 = Debug|Any CPU
		{06B98BE4-0EFB-D55F-E33C-C93846BA16B4}.Release|Any CPU.ActiveCfg = Release|Any CPU
		{06B98BE4-0EFB-D55F-E33C-C93846BA16B4}.Release|Any CPU.Build.0 = Release|Any CPU
		{54B62FF4-BC6C-4C9A-8810-1AAD3296CBA4}.Debug|Any CPU.ActiveCfg = Debug|Any CPU
		{54B62FF4-BC6C-4C9A-8810-1AAD3296CBA4}.Debug|Any CPU.Build.0 = Debug|Any CPU
		{54B62FF4-BC6C-4C9A-8810-1AAD3296CBA4}.Release|Any CPU.ActiveCfg = Release|Any CPU
		{54B62FF4-BC6C-4C9A-8810-1AAD3296CBA4}.Release|Any CPU.Build.0 = Release|Any CPU
	EndGlobalSection
	GlobalSection(SolutionProperties) = preSolution
		HideSolutionNode = FALSE
	EndGlobalSection
	GlobalSection(MonoDevelopProperties) = preSolution
		StartupItem = Assembly-CSharp.csproj
	EndGlobalSection
EndGlobal
